{
  "requires": true,
  "lockfileVersion": 1,
  "dependencies": {
    "@angular/http": {
      "version": "7.2.15",
      "resolved": "https://registry.npmjs.org/@angular/http/-/http-7.2.15.tgz",
      "integrity": "sha512-TR7PEdmLWNIre3Zn8lvyb4lSrvPUJhKLystLnp4hBMcWsJqq5iK8S3bnlR4viZ9HMlf7bW7+Hm4SI6aB3tdUtw==",
      "requires": {
        "tslib": "^1.9.0"
      }
    },
    "dom-parser": {
      "version": "0.1.6",
      "resolved": "https://registry.npmjs.org/dom-parser/-/dom-parser-0.1.6.tgz",
      "integrity": "sha512-3nVRKbLEwmGfghLoeT1dxlK/0votalnOfasP+8VCHYDfDuCETY4LeMblfOeqww6XZk2ymZ1Uewy/hVad6Dy3yw=="
    },
    "tslib": {
      "version": "1.9.3",
      "resolved": "https://registry.npmjs.org/tslib/-/tslib-1.9.3.tgz",
      "integrity": "sha512-4krF8scpejhaOgqzBEcGM7yDIEfi0/8+8zDRZhNZZ2kjmHJ4hv3zCbQWxoJGz1iw5U0Jl0nma13xzHXcncMavQ=="
    },
    "typescript": {
      "version": "3.5.1",
      "resolved": "https://registry.npmjs.org/typescript/-/typescript-3.5.1.tgz",
      "integrity": "sha512-64HkdiRv1yYZsSe4xC1WVgamNigVYjlssIoaH2HcZF0+ijsk5YK2g0G34w9wJkze8+5ow4STd22AynfO6ZYYLw=="
    },
    "uuid": {
      "version": "3.3.2",
      "resolved": "https://registry.npmjs.org/uuid/-/uuid-3.3.2.tgz",
      "integrity": "sha512-yXJmeNaw3DnnKAOKJE51sL/ZaYfWJRl1pK9dr19YFCu0ObS231AB1/LbqTKRAQ5kw8A90rA6fr4riOUpTZvQZA=="
    },
    "uuidv4": {
      "version": "4.0.0",
      "resolved": "https://registry.npmjs.org/uuidv4/-/uuidv4-4.0.0.tgz",
      "integrity": "sha512-mG90kcW04v6frNmnLsnd7xqiKubIYgaQHxaHoBplAJpR95hgqkTDq8wpZQU5cN5w9gtKphqdsflHoEnXr2+ing==",
      "requires": {
        "uuid": "3.3.2"
      }
    },
    "xmldom": {
      "version": "0.1.27",
      "resolved": "https://registry.npmjs.org/xmldom/-/xmldom-0.1.27.tgz",
      "integrity": "sha1-1QH5ezvbQDr4757MIFcxh6rawOk="
    }
  }
}
